
Microsoft Visual Studio Solution File, Format Version 12.00
# Visual Studio Version 18
VisualStudioVersion = 18.9.12105.275 stable
MinimumVisualStudioVersion = 10.0.40219.1
Project("{FAE04EC0-301F-11D3-BF4B-00C04F79EFBC}") = "YAMPR_LIB", "YAMPR\YAMPR_LIB.csproj", "{829489E8-A889-4936-B574-0EBBEA9EFA4D}"
EndProject
Project("{FAE04EC0-301F-11D3-BF4B-00C04F79EFBC}") = "UndertaleModLib", "UndertaleModTool\UndertaleModLib\UndertaleModLib.csproj", "{3E1FBADF-4C64-D01C-7F2D-01009E3B0CBB}"
EndProject
Project("{FAE04EC0-301F-11D3-BF4B-00C04F79EFBC}") = "Underanalyzer", "UndertaleModTool\Underanalyzer\Underanalyzer\Underanalyzer.csproj", "{69A5B990-A618-48D4-D9D3-5A9F093BDCEE}"
EndProject
Project("{FAE04EC0-301F-11D3-BF4B-00C04F79EFBC}") = "YAMPR-CLI", "YAMPR-CLI\YAMPR-CLI.csproj", "{1B3C7E2C-7C45-4A05-B007-94B2F8AFF4C2}"
EndProject
Project("{2150E333-8FDC-42A3-9474-1A3956D46DE8}") = "Solution Items", "Solution Items", "{C8CF40DB-B701-4FC4-8A2A-B86412FDCA7F}"
	ProjectSection(SolutionItems) = preProject
		.editorconfig = .editorconfig
	EndProjectSection
EndProject
Global
	GlobalSection(SolutionConfigurationPlatforms) = preSolution
		Debug|Any CPU = Debug|Any CPU
		Release|Any CPU = Release|Any CPU
	EndGlobalSection
	GlobalSection(ProjectConfigurationPlatforms) = postSolution
		{829489E8-A889-4936-B574-0EBBEA9EFA4D}.Debug|Any CPU.ActiveCfg = Debug|Any CPU
		{829489E8-A889-4936-B574-0EBBEA9EFA4D}.Debug|Any CPU.Build.0 = Debug|Any CPU
		{829489E8-A889-4936-B574-0EBBEA9EFA4D}.Release|Any CPU.ActiveCfg = Release|Any CPU
		{829489E8-A889-4936-B574-0EBBEA9EFA4D}.Release|Any CPU.Build.0 = Release|Any CPU
		{3E1FBADF-4C64-D01C-7F2D-01009E3B0CBB}.Debug|Any CPU.ActiveCfg = Debug|Any CPU
		{3E1FBADF-4C64-D01C-7F2D-01009E3B0CBB}.Debug|Any CPU.Build.0 = Debug|Any CPU
		{3E1FBADF-4C64-D01C-7F2D-01009E3B0CBB}.Release|Any CPU.ActiveCfg = Release|Any CPU
		{3E1FBADF-4C64-D01C-7F2D-01009E3B0CBB}.Release|Any CPU.Build.0 = Release|Any CPU
		{69A5B990-A618-48D4-D9D3-5A9F093BDCEE}.Debug|Any CPU.ActiveCfg = Debug|Any CPU
		{69A5B990-A618-48D4-D9D3-5A9F093BDCEE}.Debug|Any CPU.Build.0 = Debug|Any CPU
		{69A5B990-A618-48D4-D9D3-5A9F093BDCEE}.Release|Any CPU.ActiveCfg = Release|Any CPU
		{69A5B990-A618-48D4-D9D3-5A9F093BDCEE}.Release|Any CPU.Build.0 = Release|Any CPU
		{1B3C7E2C-7C45-4A05-B007-94B2F8AFF4C2}.Debug|Any CPU.ActiveCfg = Debug|Any CPU
		{1B3C7E2C-7C45-4A05-B007-94B2F8AFF4C2}.Debug|Any CPU.Build.0 = Debug|Any CPU
		{1B3C7E2C-7C45-4A05-B007-94B2F8AFF4C2}.Release|Any CPU.ActiveCfg = Release|Any CPU
		{1B3C7E2C-7C45-4A05-B007-94B2F8AFF4C2}.Release|Any CPU.Build.0 = Release|Any CPU
	EndGlobalSection
	GlobalSection(SolutionProperties) = preSolution
		HideSolutionNode = FALSE
	EndGlobalSection
	GlobalSection(ExtensibilityGlobals) = postSolution
		SolutionGuid = {D606E832-9142-44DE-8487-EBB9041D33DE}
	EndGlobalSection
EndGlobal
